
Microsoft Visual Studio Solution File, Format Version 12.00
# Visual Studio 2013
VisualStudioVersion = 12.0.31101.0
MinimumVisualStudioVersion = 10.0.40219.1
Project("{FAE04EC0-301F-11D3-BF4B-00C04F79EFBC}") = "Learning.Data", "Learning.Data\Learning.Data.csproj", "{883A62C3-FCAB-499A-9A38-A88C80B6D959}"
EndProject
Project("{FAE04EC0-301F-11D3-BF4B-00C04F79EFBC}") = "Learning.Web", "Learning.Web\Learning.Web.csproj", "{B11B3B34-EFED-4232-986A-43E0FC0ECE7A}"
EndProject
Global
	GlobalSection(SolutionConfigurationPlatforms) = preSolution
		Debug|Any CPU = Debug|Any CPU
		Release|Any CPU = Release|Any CPU
	EndGlobalSection
	GlobalSection(ProjectConfigurationPlatforms) = postSolution
		{883A62C3-FCAB-499A-9A38-A88C80B6D959}.Debug|Any CPU.ActiveCfg = Debug|Any CPU
		{883A62C3-FCAB-499A-9A38-A88C80B6D959}.Debug|Any CPU.Build.0 = Debug|Any CPU
		{883A62C3-FCAB-499A-9A38-A88C80B6D959}.Release|Any CPU.ActiveCfg = Release|Any CPU
		{883A62C3-FCAB-499A-9A38-A88C80B6D959}.Release|Any CPU.Build.0 = Release|Any CPU
		{B11B3B34-EFED-4232-986A-43E0FC0ECE7A}.Debug|Any CPU.ActiveCfg = Debug|Any CPU
		{B11B3B34-EFED-4232-986A-43E0FC0ECE7A}.Debug|Any CPU.Build.0 = Debug|Any CPU
		{B11B3B34-EFED-4232-986A-43E0FC0ECE7A}.Release|Any CPU.ActiveCfg = Release|Any CPU
		{B11B3B34-EFED-4232-986A-43E0FC0ECE7A}.Release|Any CPU.Build.0 = Release|Any CPU
	EndGlobalSection
	GlobalSection(SolutionProperties) = preSolution
		HideSolutionNode = FALSE
	EndGlobalSection
EndGlobal
